// !$*UTF8*$!
{
	archiveVersion = 1;
	classes = {
	};
	objectVersion = 51;
	objects = {

/* Begin PBXBuildFile section */
		20C16586D5C82EE507AEB31B /* libPods-MyUniqueBox.a in Frameworks */ = {isa = PBXBuildFile; fileRef = 3553C02ABF77D14E37F76373 /* libPods-MyUniqueBox.a */; };
		AC988139250FC8EE00CC3372 /* MUBSettingWeiboAuthModel.m in Sources */ = {isa = PBXBuildFile; fileRef = AC988138250FC8EE00CC3372 /* MUBSettingWeiboAuthModel.m */; };
		AC98813C250FC91300CC3372 /* MUBSettingDeviantartAuthModel.m in Sources */ = {isa = PBXBuildFile; fileRef = AC98813B250FC91300CC3372 /* MUBSettingDeviantartAuthModel.m */; };
		ACA93E82250BFBC3008F65A8 /* MUBCookieManager.m in Sources */ = {isa = PBXBuildFile; fileRef = ACA93E81250BFBC3008F65A8 /* MUBCookieManager.m */; };
		ACA93E85250BFC10008F65A8 /* MUBCookieModel.m in Sources */ = {isa = PBXBuildFile; fileRef = ACA93E84250BFC10008F65A8 /* MUBCookieModel.m */; };
		ACA93E89250BFC71008F65A8 /* MUBModel.m in Sources */ = {isa = PBXBuildFile; fileRef = ACA93E88250BFC71008F65A8 /* MUBModel.m */; };
		ACABB286251240A400FBE603 /* MUBFileRename32BitMD5Manager.m in Sources */ = {isa = PBXBuildFile; fileRef = ACABB285251240A400FBE603 /* MUBFileRename32BitMD5Manager.m */; };
		ACC9EBFA250BBC8400B0311D /* NSArray+YYAdd.m in Sources */ = {isa = PBXBuildFile; fileRef = ACC9EBDD250BBC8400B0311D /* NSArray+YYAdd.m */; };
		ACC9EBFB250BBC8400B0311D /* NSNumber+YYAdd.m in Sources */ = {isa = PBXBuildFile; fileRef = ACC9EBDE250BBC8400B0311D /* NSNumber+YYAdd.m */; };
		ACC9EBFC250BBC8400B0311D /* NSBundle+YYAdd.m in Sources */ = {isa = PBXBuildFile; fileRef = ACC9EBE3250BBC8400B0311D /* NSBundle+YYAdd.m */; };
		ACC9EBFD250BBC8400B0311D /* NSObject+YYAdd.m in Sources */ = {isa = PBXBuildFile; fileRef = ACC9EBE4250BBC8400B0311D /* NSObject+YYAdd.m */; };
		ACC9EBFE250BBC8400B0311D /* NSData+YYAdd.m in Sources */ = {isa = PBXBuildFile; fileRef = ACC9EBE7250BBC8400B0311D /* NSData+YYAdd.m */; };
		ACC9EBFF250BBC8400B0311D /* NSThread+YYAdd.m in Sources */ = {isa = PBXBuildFile; fileRef = ACC9EBE8250BBC8400B0311D /* NSThread+YYAdd.m */; settings = {COMPILER_FLAGS = "-fno-objc-arc"; }; };
		ACC9EC00250BBC8400B0311D /* NSKeyedUnarchiver+YYAdd.m in Sources */ = {isa = PBXBuildFile; fileRef = ACC9EBEA250BBC8400B0311D /* NSKeyedUnarchiver+YYAdd.m */; };
		ACC9EC01250BBC8400B0311D /* NSTimer+YYAdd.m in Sources */ = {isa = PBXBuildFile; fileRef = ACC9EBEB250BBC8400B0311D /* NSTimer+YYAdd.m */; };
		ACC9EC02250BBC8400B0311D /* NSObject+YYAddForARC.m in Sources */ = {isa = PBXBuildFile; fileRef = ACC9EBEE250BBC8400B0311D /* NSObject+YYAddForARC.m */; settings = {COMPILER_FLAGS = "-fno-objc-arc"; }; };
		ACC9EC03250BBC8400B0311D /* NSDate+YYAdd.m in Sources */ = {isa = PBXBuildFile; fileRef = ACC9EBEF250BBC8400B0311D /* NSDate+YYAdd.m */; };
		ACC9EC04250BBC8400B0311D /* NSString+YYAdd.m in Sources */ = {isa = PBXBuildFile; fileRef = ACC9EBF1250BBC8400B0311D /* NSString+YYAdd.m */; };
		ACC9EC05250BBC8400B0311D /* NSNotificationCenter+YYAdd.m in Sources */ = {isa = PBXBuildFile; fileRef = ACC9EBF3250BBC8400B0311D /* NSNotificationCenter+YYAdd.m */; };
		ACC9EC06250BBC8400B0311D /* NSDictionary+YYAdd.m in Sources */ = {isa = PBXBuildFile; fileRef = ACC9EBF5250BBC8400B0311D /* NSDictionary+YYAdd.m */; };
		ACC9EC07250BBC8400B0311D /* NSObject+YYAddForKVO.m in Sources */ = {isa = PBXBuildFile; fileRef = ACC9EBF8250BBC8400B0311D /* NSObject+YYAddForKVO.m */; };
		ACC9EC09250BBD7800B0311D /* CoreGraphics.framework in Frameworks */ = {isa = PBXBuildFile; fileRef = ACC9EC08250BBD7800B0311D /* CoreGraphics.framework */; };
		ACC9EC0B250BBD8200B0311D /* QuartzCore.framework in Frameworks */ = {isa = PBXBuildFile; fileRef = ACC9EC0A250BBD8100B0311D /* QuartzCore.framework */; };
		ACC9EC0D250BBD8A00B0311D /* Accelerate.framework in Frameworks */ = {isa = PBXBuildFile; fileRef = ACC9EC0C250BBD8A00B0311D /* Accelerate.framework */; };
		ACC9EC0F250BBD9000B0311D /* ImageIO.framework in Frameworks */ = {isa = PBXBuildFile; fileRef = ACC9EC0E250BBD9000B0311D /* ImageIO.framework */; };
		ACC9EC11250BBD9600B0311D /* CoreText.framework in Frameworks */ = {isa = PBXBuildFile; fileRef = ACC9EC10250BBD9600B0311D /* CoreText.framework */; };
		ACC9EC13250BBD9C00B0311D /* CoreFoundation.framework in Frameworks */ = {isa = PBXBuildFile; fileRef = ACC9EC12250BBD9C00B0311D /* CoreFoundation.framework */; };
		ACC9EC15250BBDA100B0311D /* libz.tbd in Frameworks */ = {isa = PBXBuildFile; fileRef = ACC9EC14250BBDA100B0311D /* libz.tbd */; };
		ACC9EC26250BC30100B0311D /* PAPIAuthor.m in Sources */ = {isa = PBXBuildFile; fileRef = ACC9EC1A250BC30100B0311D /* PAPIAuthor.m */; };
		ACC9EC27250BC30100B0311D /* PAPIIllust.m in Sources */ = {isa = PBXBuildFile; fileRef = ACC9EC1B250BC30100B0311D /* PAPIIllust.m */; };
		ACC9EC28250BC30100B0311D /* PixivAPI.js in Resources */ = {isa = PBXBuildFile; fileRef = ACC9EC1D250BC30100B0311D /* PixivAPI.js */; };
		ACC9EC29250BC30100B0311D /* PAPIIllustList.m in Sources */ = {isa = PBXBuildFile; fileRef = ACC9EC1E250BC30100B0311D /* PAPIIllustList.m */; };
		ACC9EC2A250BC30100B0311D /* PixivAPI.m in Sources */ = {isa = PBXBuildFile; fileRef = ACC9EC22250BC30100B0311D /* PixivAPI.m */; };
		ACC9EC2B250BC30100B0311D /* SAPIIllust.m in Sources */ = {isa = PBXBuildFile; fileRef = ACC9EC24250BC30100B0311D /* SAPIIllust.m */; };
		ACC9EC2F250BC30800B0311D /* XMLReader.m in Sources */ = {isa = PBXBuildFile; fileRef = ACC9EC2E250BC30800B0311D /* XMLReader.m */; };
		ACDCE27F250BAC0E0014BE47 /* AppDelegate.m in Sources */ = {isa = PBXBuildFile; fileRef = ACDCE27E250BAC0E0014BE47 /* AppDelegate.m */; };
		ACDCE282250BAC0E0014BE47 /* ViewController.m in Sources */ = {isa = PBXBuildFile; fileRef = ACDCE281250BAC0E0014BE47 /* ViewController.m */; };
		ACDCE284250BAC100014BE47 /* Assets.xcassets in Resources */ = {isa = PBXBuildFile; fileRef = ACDCE283250BAC100014BE47 /* Assets.xcassets */; };
		ACDCE287250BAC100014BE47 /* Main.storyboard in Resources */ = {isa = PBXBuildFile; fileRef = ACDCE285250BAC100014BE47 /* Main.storyboard */; };
		ACDCE28A250BAC100014BE47 /* main.m in Sources */ = {isa = PBXBuildFile; fileRef = ACDCE289250BAC100014BE47 /* main.m */; };
		ACDCE295250BAC100014BE47 /* MyUniqueBoxTests.m in Sources */ = {isa = PBXBuildFile; fileRef = ACDCE294250BAC100014BE47 /* MyUniqueBoxTests.m */; };
		ACDCE2A0250BAC100014BE47 /* MyUniqueBoxUITests.m in Sources */ = {isa = PBXBuildFile; fileRef = ACDCE29F250BAC100014BE47 /* MyUniqueBoxUITests.m */; };
		ACF22754250E0D7300A2E3F6 /* MUBAlert.m in Sources */ = {isa = PBXBuildFile; fileRef = ACF22753250E0D7300A2E3F6 /* MUBAlert.m */; };
		ACF22757250E100400A2E3F6 /* NSString+MUBAdd.m in Sources */ = {isa = PBXBuildFile; fileRef = ACF22756250E100400A2E3F6 /* NSString+MUBAdd.m */; };
		ACF2275B250E1F3C00A2E3F6 /* MUBAlertManager.m in Sources */ = {isa = PBXBuildFile; fileRef = ACF2275A250E1F3C00A2E3F6 /* MUBAlertManager.m */; };
		ACF2275E250E378000A2E3F6 /* MUBModalWindowController.m in Sources */ = {isa = PBXBuildFile; fileRef = ACF2275D250E378000A2E3F6 /* MUBModalWindowController.m */; };
		ACF22761250E39BC00A2E3F6 /* MUBMenuItemManager.m in Sources */ = {isa = PBXBuildFile; fileRef = ACF22760250E39BC00A2E3F6 /* MUBMenuItemManager.m */; };
		ACF22764250E3A2900A2E3F6 /* MUBExceptionManager.m in Sources */ = {isa = PBXBuildFile; fileRef = ACF22763250E3A2900A2E3F6 /* MUBExceptionManager.m */; };
		ACF22768250E55AB00A2E3F6 /* NSArray+MUBAdd.m in Sources */ = {isa = PBXBuildFile; fileRef = ACF22767250E55AB00A2E3F6 /* NSArray+MUBAdd.m */; };
		ACF2276B250E5A5E00A2E3F6 /* NSDictionary+MUBAdd.m in Sources */ = {isa = PBXBuildFile; fileRef = ACF2276A250E5A5E00A2E3F6 /* NSDictionary+MUBAdd.m */; };
		ACF2276E250E5CD400A2E3F6 /* NSColor+MUBAdd.m in Sources */ = {isa = PBXBuildFile; fileRef = ACF2276D250E5CD400A2E3F6 /* NSColor+MUBAdd.m */; };
		ACF22772250E670B00A2E3F6 /* MUBMenuItemFileManager.m in Sources */ = {isa = PBXBuildFile; fileRef = ACF22771250E670B00A2E3F6 /* MUBMenuItemFileManager.m */; };
		ACF22776250E6EC100A2E3F6 /* MUBFileSearchCharactersManager.m in Sources */ = {isa = PBXBuildFile; fileRef = ACF22775250E6EC100A2E3F6 /* MUBFileSearchCharactersManager.m */; };
		ACF22779250E705D00A2E3F6 /* NSObject+MUBAdd.m in Sources */ = {isa = PBXBuildFile; fileRef = ACF22778250E705D00A2E3F6 /* NSObject+MUBAdd.m */; };
		ACF2277C250E72AE00A2E3F6 /* MUBOpenPanelManager.m in Sources */ = {isa = PBXBuildFile; fileRef = ACF2277B250E72AE00A2E3F6 /* MUBOpenPanelManager.m */; };
		ACF363B1250D4C4A00C1DC47 /* MUBUtilityManager.m in Sources */ = {isa = PBXBuildFile; fileRef = ACF363B0250D4C4A00C1DC47 /* MUBUtilityManager.m */; };
		ACF363B6250D536600C1DC47 /* MUBSettingManager.m in Sources */ = {isa = PBXBuildFile; fileRef = ACF363B5250D536600C1DC47 /* MUBSettingManager.m */; };
		ACF363B9250D556300C1DC47 /* MUBFileManager.m in Sources */ = {isa = PBXBuildFile; fileRef = ACF363B8250D556300C1DC47 /* MUBFileManager.m */; };
		ACF3C410250D36E900070C8E /* MUBUIManager.m in Sources */ = {isa = PBXBuildFile; fileRef = ACF3C40F250D36E900070C8E /* MUBUIManager.m */; };
		ACF3C413250D387500070C8E /* WindowController.m in Sources */ = {isa = PBXBuildFile; fileRef = ACF3C412250D387500070C8E /* WindowController.m */; };
		ACF3C416250D3B2200070C8E /* MUBLogManager.m in Sources */ = {isa = PBXBuildFile; fileRef = ACF3C415250D3B2200070C8E /* MUBLogManager.m */; };
/* End PBXBuildFile section */

/* Begin PBXContainerItemProxy section */
		ACDCE291250BAC100014BE47 /* PBXContainerItemProxy */ = {
			isa = PBXContainerItemProxy;
			containerPortal = ACDCE272250BAC0E0014BE47 /* Project object */;
			proxyType = 1;
			remoteGlobalIDString = ACDCE279250BAC0E0014BE47;
			remoteInfo = MyUniqueBox;
		};
		ACDCE29C250BAC100014BE47 /* PBXContainerItemProxy */ = {
			isa = PBXContainerItemProxy;
			containerPortal = ACDCE272250BAC0E0014BE47 /* Project object */;
			proxyType = 1;
			remoteGlobalIDString = ACDCE279250BAC0E0014BE47;
			remoteInfo = MyUniqueBox;
		};
/* End PBXContainerItemProxy section */

/* Begin PBXFileReference section */
		0CD11C90F80CD22493D9C250 /* Pods-MyUniqueBox.release.xcconfig */ = {isa = PBXFileReference; includeInIndex = 1; lastKnownFileType = text.xcconfig; name = "Pods-MyUniqueBox.release.xcconfig"; path = "Target Support Files/Pods-MyUniqueBox/Pods-MyUniqueBox.release.xcconfig"; sourceTree = "<group>"; };
		3553C02ABF77D14E37F76373 /* libPods-MyUniqueBox.a */ = {isa = PBXFileReference; explicitFileType = archive.ar; includeInIndex = 0; path = "libPods-MyUniqueBox.a"; sourceTree = BUILT_PRODUCTS_DIR; };
		AC988135250FBC7B00CC3372 /* MUBFileHeader.h */ = {isa = PBXFileReference; lastKnownFileType = sourcecode.c.h; path = MUBFileHeader.h; sourceTree = "<group>"; };
		AC988137250FC8EE00CC3372 /* MUBSettingWeiboAuthModel.h */ = {isa = PBXFileReference; lastKnownFileType = sourcecode.c.h; path = MUBSettingWeiboAuthModel.h; sourceTree = "<group>"; };
		AC988138250FC8EE00CC3372 /* MUBSettingWeiboAuthModel.m */ = {isa = PBXFileReference; lastKnownFileType = sourcecode.c.objc; path = MUBSettingWeiboAuthModel.m; sourceTree = "<group>"; };
		AC98813A250FC91300CC3372 /* MUBSettingDeviantartAuthModel.h */ = {isa = PBXFileReference; lastKnownFileType = sourcecode.c.h; path = MUBSettingDeviantartAuthModel.h; sourceTree = "<group>"; };
		AC98813B250FC91300CC3372 /* MUBSettingDeviantartAuthModel.m */ = {isa = PBXFileReference; lastKnownFileType = sourcecode.c.objc; path = MUBSettingDeviantartAuthModel.m; sourceTree = "<group>"; };
		ACA93E76250BE4CE008F65A8 /* en */ = {isa = PBXFileReference; lastKnownFileType = file.storyboard; name = en; path = en.lproj/Main.storyboard; sourceTree = "<group>"; };
		ACA93E80250BFBC3008F65A8 /* MUBCookieManager.h */ = {isa = PBXFileReference; lastKnownFileType = sourcecode.c.h; path = MUBCookieManager.h; sourceTree = "<group>"; };
		ACA93E81250BFBC3008F65A8 /* MUBCookieManager.m */ = {isa = PBXFileReference; lastKnownFileType = sourcecode.c.objc; path = MUBCookieManager.m; sourceTree = "<group>"; };
		ACA93E83250BFC10008F65A8 /* MUBCookieModel.h */ = {isa = PBXFileReference; lastKnownFileType = sourcecode.c.h; path = MUBCookieModel.h; sourceTree = "<group>"; };
		ACA93E84250BFC10008F65A8 /* MUBCookieModel.m */ = {isa = PBXFileReference; lastKnownFileType = sourcecode.c.objc; path = MUBCookieModel.m; sourceTree = "<group>"; };
		ACA93E87250BFC71008F65A8 /* MUBModel.h */ = {isa = PBXFileReference; lastKnownFileType = sourcecode.c.h; path = MUBModel.h; sourceTree = "<group>"; };
		ACA93E88250BFC71008F65A8 /* MUBModel.m */ = {isa = PBXFileReference; lastKnownFileType = sourcecode.c.objc; path = MUBModel.m; sourceTree = "<group>"; };
		ACABB284251240A400FBE603 /* MUBFileRename32BitMD5Manager.h */ = {isa = PBXFileReference; lastKnownFileType = sourcecode.c.h; path = MUBFileRename32BitMD5Manager.h; sourceTree = "<group>"; };
		ACABB285251240A400FBE603 /* MUBFileRename32BitMD5Manager.m */ = {isa = PBXFileReference; lastKnownFileType = sourcecode.c.objc; path = MUBFileRename32BitMD5Manager.m; sourceTree = "<group>"; };
		ACC9EBDB250BBC8400B0311D /* YYCategories.h */ = {isa = PBXFileReference; fileEncoding = 4; lastKnownFileType = sourcecode.c.h; path = YYCategories.h; sourceTree = "<group>"; };
		ACC9EBDD250BBC8400B0311D /* NSArray+YYAdd.m */ = {isa = PBXFileReference; fileEncoding = 4; lastKnownFileType = sourcecode.c.objc; path = "NSArray+YYAdd.m"; sourceTree = "<group>"; };
		ACC9EBDE250BBC8400B0311D /* NSNumber+YYAdd.m */ = {isa = PBXFileReference; fileEncoding = 4; lastKnownFileType = sourcecode.c.objc; path = "NSNumber+YYAdd.m"; sourceTree = "<group>"; };
		ACC9EBDF250BBC8400B0311D /* NSTimer+YYAdd.h */ = {isa = PBXFileReference; fileEncoding = 4; lastKnownFileType = sourcecode.c.h; path = "NSTimer+YYAdd.h"; sourceTree = "<group>"; };
		ACC9EBE0250BBC8400B0311D /* NSDate+YYAdd.h */ = {isa = PBXFileReference; fileEncoding = 4; lastKnownFileType = sourcecode.c.h; path = "NSDate+YYAdd.h"; sourceTree = "<group>"; };
		ACC9EBE1250BBC8400B0311D /* NSObject+YYAddForARC.h */ = {isa = PBXFileReference; fileEncoding = 4; lastKnownFileType = sourcecode.c.h; path = "NSObject+YYAddForARC.h"; sourceTree = "<group>"; };
		ACC9EBE2250BBC8400B0311D /* NSNotificationCenter+YYAdd.h */ = {isa = PBXFileReference; fileEncoding = 4; lastKnownFileType = sourcecode.c.h; path = "NSNotificationCenter+YYAdd.h"; sourceTree = "<group>"; };
		ACC9EBE3250BBC8400B0311D /* NSBundle+YYAdd.m */ = {isa = PBXFileReference; fileEncoding = 4; lastKnownFileType = sourcecode.c.objc; path = "NSBundle+YYAdd.m"; sourceTree = "<group>"; };
		ACC9EBE4250BBC8400B0311D /* NSObject+YYAdd.m */ = {isa = PBXFileReference; fileEncoding = 4; lastKnownFileType = sourcecode.c.objc; path = "NSObject+YYAdd.m"; sourceTree = "<group>"; };
		ACC9EBE5250BBC8400B0311D /* NSString+YYAdd.h */ = {isa = PBXFileReference; fileEncoding = 4; lastKnownFileType = sourcecode.c.h; path = "NSString+YYAdd.h"; sourceTree = "<group>"; };
		ACC9EBE6250BBC8400B0311D /* NSObject+YYAddForKVO.h */ = {isa = PBXFileReference; fileEncoding = 4; lastKnownFileType = sourcecode.c.h; path = "NSObject+YYAddForKVO.h"; sourceTree = "<group>"; };
		ACC9EBE7250BBC8400B0311D /* NSData+YYAdd.m */ = {isa = PBXFileReference; fileEncoding = 4; lastKnownFileType = sourcecode.c.objc; path = "NSData+YYAdd.m"; sourceTree = "<group>"; };
		ACC9EBE8250BBC8400B0311D /* NSThread+YYAdd.m */ = {isa = PBXFileReference; fileEncoding = 4; lastKnownFileType = sourcecode.c.objc; path = "NSThread+YYAdd.m"; sourceTree = "<group>"; };
		ACC9EBE9250BBC8400B0311D /* NSDictionary+YYAdd.h */ = {isa = PBXFileReference; fileEncoding = 4; lastKnownFileType = sourcecode.c.h; path = "NSDictionary+YYAdd.h"; sourceTree = "<group>"; };
		ACC9EBEA250BBC8400B0311D /* NSKeyedUnarchiver+YYAdd.m */ = {isa = PBXFileReference; fileEncoding = 4; lastKnownFileType = sourcecode.c.objc; path = "NSKeyedUnarchiver+YYAdd.m"; sourceTree = "<group>"; };
		ACC9EBEB250BBC8400B0311D /* NSTimer+YYAdd.m */ = {isa = PBXFileReference; fileEncoding = 4; lastKnownFileType = sourcecode.c.objc; path = "NSTimer+YYAdd.m"; sourceTree = "<group>"; };
		ACC9EBEC250BBC8400B0311D /* NSNumber+YYAdd.h */ = {isa = PBXFileReference; fileEncoding = 4; lastKnownFileType = sourcecode.c.h; path = "NSNumber+YYAdd.h"; sourceTree = "<group>"; };
		ACC9EBED250BBC8400B0311D /* NSArray+YYAdd.h */ = {isa = PBXFileReference; fileEncoding = 4; lastKnownFileType = sourcecode.c.h; path = "NSArray+YYAdd.h"; sourceTree = "<group>"; };
		ACC9EBEE250BBC8400B0311D /* NSObject+YYAddForARC.m */ = {isa = PBXFileReference; fileEncoding = 4; lastKnownFileType = sourcecode.c.objc; path = "NSObject+YYAddForARC.m"; sourceTree = "<group>"; };
		ACC9EBEF250BBC8400B0311D /* NSDate+YYAdd.m */ = {isa = PBXFileReference; fileEncoding = 4; lastKnownFileType = sourcecode.c.objc; path = "NSDate+YYAdd.m"; sourceTree = "<group>"; };
		ACC9EBF0250BBC8400B0311D /* NSObject+YYAdd.h */ = {isa = PBXFileReference; fileEncoding = 4; lastKnownFileType = sourcecode.c.h; path = "NSObject+YYAdd.h"; sourceTree = "<group>"; };
		ACC9EBF1250BBC8400B0311D /* NSString+YYAdd.m */ = {isa = PBXFileReference; fileEncoding = 4; lastKnownFileType = sourcecode.c.objc; path = "NSString+YYAdd.m"; sourceTree = "<group>"; };
		ACC9EBF2250BBC8400B0311D /* NSBundle+YYAdd.h */ = {isa = PBXFileReference; fileEncoding = 4; lastKnownFileType = sourcecode.c.h; path = "NSBundle+YYAdd.h"; sourceTree = "<group>"; };
		ACC9EBF3250BBC8400B0311D /* NSNotificationCenter+YYAdd.m */ = {isa = PBXFileReference; fileEncoding = 4; lastKnownFileType = sourcecode.c.objc; path = "NSNotificationCenter+YYAdd.m"; sourceTree = "<group>"; };
		ACC9EBF4250BBC8400B0311D /* NSKeyedUnarchiver+YYAdd.h */ = {isa = PBXFileReference; fileEncoding = 4; lastKnownFileType = sourcecode.c.h; path = "NSKeyedUnarchiver+YYAdd.h"; sourceTree = "<group>"; };
		ACC9EBF5250BBC8400B0311D /* NSDictionary+YYAdd.m */ = {isa = PBXFileReference; fileEncoding = 4; lastKnownFileType = sourcecode.c.objc; path = "NSDictionary+YYAdd.m"; sourceTree = "<group>"; };
		ACC9EBF6250BBC8400B0311D /* NSThread+YYAdd.h */ = {isa = PBXFileReference; fileEncoding = 4; lastKnownFileType = sourcecode.c.h; path = "NSThread+YYAdd.h"; sourceTree = "<group>"; };
		ACC9EBF7250BBC8400B0311D /* NSData+YYAdd.h */ = {isa = PBXFileReference; fileEncoding = 4; lastKnownFileType = sourcecode.c.h; path = "NSData+YYAdd.h"; sourceTree = "<group>"; };
		ACC9EBF8250BBC8400B0311D /* NSObject+YYAddForKVO.m */ = {isa = PBXFileReference; fileEncoding = 4; lastKnownFileType = sourcecode.c.objc; path = "NSObject+YYAddForKVO.m"; sourceTree = "<group>"; };
		ACC9EBF9250BBC8400B0311D /* YYCategoriesMacro.h */ = {isa = PBXFileReference; fileEncoding = 4; lastKnownFileType = sourcecode.c.h; path = YYCategoriesMacro.h; sourceTree = "<group>"; };
		ACC9EC08250BBD7800B0311D /* CoreGraphics.framework */ = {isa = PBXFileReference; lastKnownFileType = wrapper.framework; name = CoreGraphics.framework; path = System/Library/Frameworks/CoreGraphics.framework; sourceTree = SDKROOT; };
		ACC9EC0A250BBD8100B0311D /* QuartzCore.framework */ = {isa = PBXFileReference; lastKnownFileType = wrapper.framework; name = QuartzCore.framework; path = System/Library/Frameworks/QuartzCore.framework; sourceTree = SDKROOT; };
		ACC9EC0C250BBD8A00B0311D /* Accelerate.framework */ = {isa = PBXFileReference; lastKnownFileType = wrapper.framework; name = Accelerate.framework; path = System/Library/Frameworks/Accelerate.framework; sourceTree = SDKROOT; };
		ACC9EC0E250BBD9000B0311D /* ImageIO.framework */ = {isa = PBXFileReference; lastKnownFileType = wrapper.framework; name = ImageIO.framework; path = System/Library/Frameworks/ImageIO.framework; sourceTree = SDKROOT; };
		ACC9EC10250BBD9600B0311D /* CoreText.framework */ = {isa = PBXFileReference; lastKnownFileType = wrapper.framework; name = CoreText.framework; path = System/Library/Frameworks/CoreText.framework; sourceTree = SDKROOT; };
		ACC9EC12250BBD9C00B0311D /* CoreFoundation.framework */ = {isa = PBXFileReference; lastKnownFileType = wrapper.framework; name = CoreFoundation.framework; path = System/Library/Frameworks/CoreFoundation.framework; sourceTree = SDKROOT; };
		ACC9EC14250BBDA100B0311D /* libz.tbd */ = {isa = PBXFileReference; lastKnownFileType = "sourcecode.text-based-dylib-definition"; name = libz.tbd; path = usr/lib/libz.tbd; sourceTree = SDKROOT; };
		ACC9EC18250BBF4500B0311D /* MyUniqueBox-Prefix.pch */ = {isa = PBXFileReference; lastKnownFileType = sourcecode.c.h; path = "MyUniqueBox-Prefix.pch"; sourceTree = "<group>"; };
		ACC9EC1A250BC30100B0311D /* PAPIAuthor.m */ = {isa = PBXFileReference; fileEncoding = 4; lastKnownFileType = sourcecode.c.objc; path = PAPIAuthor.m; sourceTree = "<group>"; };
		ACC9EC1B250BC30100B0311D /* PAPIIllust.m */ = {isa = PBXFileReference; fileEncoding = 4; lastKnownFileType = sourcecode.c.objc; path = PAPIIllust.m; sourceTree = "<group>"; };
		ACC9EC1C250BC30100B0311D /* PixivAPI.h */ = {isa = PBXFileReference; fileEncoding = 4; lastKnownFileType = sourcecode.c.h; path = PixivAPI.h; sourceTree = "<group>"; };
		ACC9EC1D250BC30100B0311D /* PixivAPI.js */ = {isa = PBXFileReference; fileEncoding = 4; lastKnownFileType = sourcecode.javascript; path = PixivAPI.js; sourceTree = "<group>"; };
		ACC9EC1E250BC30100B0311D /* PAPIIllustList.m */ = {isa = PBXFileReference; fileEncoding = 4; lastKnownFileType = sourcecode.c.objc; path = PAPIIllustList.m; sourceTree = "<group>"; };
		ACC9EC1F250BC30100B0311D /* SAPIIllust.h */ = {isa = PBXFileReference; fileEncoding = 4; lastKnownFileType = sourcecode.c.h; path = SAPIIllust.h; sourceTree = "<group>"; };
		ACC9EC20250BC30100B0311D /* PAPIIllust.h */ = {isa = PBXFileReference; fileEncoding = 4; lastKnownFileType = sourcecode.c.h; path = PAPIIllust.h; sourceTree = "<group>"; };
		ACC9EC21250BC30100B0311D /* PAPIAuthor.h */ = {isa = PBXFileReference; fileEncoding = 4; lastKnownFileType = sourcecode.c.h; path = PAPIAuthor.h; sourceTree = "<group>"; };
		ACC9EC22250BC30100B0311D /* PixivAPI.m */ = {isa = PBXFileReference; fileEncoding = 4; lastKnownFileType = sourcecode.c.objc; path = PixivAPI.m; sourceTree = "<group>"; };
		ACC9EC23250BC30100B0311D /* PixivDefines.h */ = {isa = PBXFileReference; fileEncoding = 4; lastKnownFileType = sourcecode.c.h; path = PixivDefines.h; sourceTree = "<group>"; };
		ACC9EC24250BC30100B0311D /* SAPIIllust.m */ = {isa = PBXFileReference; fileEncoding = 4; lastKnownFileType = sourcecode.c.objc; path = SAPIIllust.m; sourceTree = "<group>"; };
		ACC9EC25250BC30100B0311D /* PAPIIllustList.h */ = {isa = PBXFileReference; fileEncoding = 4; lastKnownFileType = sourcecode.c.h; path = PAPIIllustList.h; sourceTree = "<group>"; };
		ACC9EC2D250BC30800B0311D /* XMLReader.h */ = {isa = PBXFileReference; fileEncoding = 4; lastKnownFileType = sourcecode.c.h; path = XMLReader.h; sourceTree = "<group>"; };
		ACC9EC2E250BC30800B0311D /* XMLReader.m */ = {isa = PBXFileReference; fileEncoding = 4; lastKnownFileType = sourcecode.c.objc; path = XMLReader.m; sourceTree = "<group>"; };
		ACDCE27A250BAC0E0014BE47 /* MyUniqueBox.app */ = {isa = PBXFileReference; explicitFileType = wrapper.application; includeInIndex = 0; path = MyUniqueBox.app; sourceTree = BUILT_PRODUCTS_DIR; };
		ACDCE27D250BAC0E0014BE47 /* AppDelegate.h */ = {isa = PBXFileReference; lastKnownFileType = sourcecode.c.h; path = AppDelegate.h; sourceTree = "<group>"; };
		ACDCE27E250BAC0E0014BE47 /* AppDelegate.m */ = {isa = PBXFileReference; lastKnownFileType = sourcecode.c.objc; path = AppDelegate.m; sourceTree = "<group>"; };
		ACDCE280250BAC0E0014BE47 /* ViewController.h */ = {isa = PBXFileReference; lastKnownFileType = sourcecode.c.h; path = ViewController.h; sourceTree = "<group>"; };
		ACDCE281250BAC0E0014BE47 /* ViewController.m */ = {isa = PBXFileReference; lastKnownFileType = sourcecode.c.objc; path = ViewController.m; sourceTree = "<group>"; };
		ACDCE283250BAC100014BE47 /* Assets.xcassets */ = {isa = PBXFileReference; lastKnownFileType = folder.assetcatalog; path = Assets.xcassets; sourceTree = "<group>"; };
		ACDCE288250BAC100014BE47 /* Info.plist */ = {isa = PBXFileReference; lastKnownFileType = text.plist.xml; path = Info.plist; sourceTree = "<group>"; };
		ACDCE289250BAC100014BE47 /* main.m */ = {isa = PBXFileReference; lastKnownFileType = sourcecode.c.objc; path = main.m; sourceTree = "<group>"; };
		ACDCE28B250BAC100014BE47 /* MyUniqueBox.entitlements */ = {isa = PBXFileReference; lastKnownFileType = text.plist.entitlements; path = MyUniqueBox.entitlements; sourceTree = "<group>"; };
		ACDCE290250BAC100014BE47 /* MyUniqueBoxTests.xctest */ = {isa = PBXFileReference; explicitFileType = wrapper.cfbundle; includeInIndex = 0; path = MyUniqueBoxTests.xctest; sourceTree = BUILT_PRODUCTS_DIR; };
		ACDCE294250BAC100014BE47 /* MyUniqueBoxTests.m */ = {isa = PBXFileReference; lastKnownFileType = sourcecode.c.objc; path = MyUniqueBoxTests.m; sourceTree = "<group>"; };
		ACDCE296250BAC100014BE47 /* Info.plist */ = {isa = PBXFileReference; lastKnownFileType = text.plist.xml; path = Info.plist; sourceTree = "<group>"; };
		ACDCE29B250BAC100014BE47 /* MyUniqueBoxUITests.xctest */ = {isa = PBXFileReference; explicitFileType = wrapper.cfbundle; includeInIndex = 0; path = MyUniqueBoxUITests.xctest; sourceTree = BUILT_PRODUCTS_DIR; };
		ACDCE29F250BAC100014BE47 /* MyUniqueBoxUITests.m */ = {isa = PBXFileReference; lastKnownFileType = sourcecode.c.objc; path = MyUniqueBoxUITests.m; sourceTree = "<group>"; };
		ACDCE2A1250BAC100014BE47 /* Info.plist */ = {isa = PBXFileReference; lastKnownFileType = text.plist.xml; path = Info.plist; sourceTree = "<group>"; };
		ACF22752250E0D7300A2E3F6 /* MUBAlert.h */ = {isa = PBXFileReference; lastKnownFileType = sourcecode.c.h; path = MUBAlert.h; sourceTree = "<group>"; };
		ACF22753250E0D7300A2E3F6 /* MUBAlert.m */ = {isa = PBXFileReference; lastKnownFileType = sourcecode.c.objc; path = MUBAlert.m; sourceTree = "<group>"; };
		ACF22755250E100400A2E3F6 /* NSString+MUBAdd.h */ = {isa = PBXFileReference; lastKnownFileType = sourcecode.c.h; path = "NSString+MUBAdd.h"; sourceTree = "<group>"; };
		ACF22756250E100400A2E3F6 /* NSString+MUBAdd.m */ = {isa = PBXFileReference; lastKnownFileType = sourcecode.c.objc; path = "NSString+MUBAdd.m"; sourceTree = "<group>"; };
		ACF22759250E1F3C00A2E3F6 /* MUBAlertManager.h */ = {isa = PBXFileReference; lastKnownFileType = sourcecode.c.h; path = MUBAlertManager.h; sourceTree = "<group>"; };
		ACF2275A250E1F3C00A2E3F6 /* MUBAlertManager.m */ = {isa = PBXFileReference; lastKnownFileType = sourcecode.c.objc; path = MUBAlertManager.m; sourceTree = "<group>"; };
		ACF2275C250E377F00A2E3F6 /* MUBModalWindowController.h */ = {isa = PBXFileReference; lastKnownFileType = sourcecode.c.h; path = MUBModalWindowController.h; sourceTree = "<group>"; };
		ACF2275D250E378000A2E3F6 /* MUBModalWindowController.m */ = {isa = PBXFileReference; lastKnownFileType = sourcecode.c.objc; path = MUBModalWindowController.m; sourceTree = "<group>"; };
		ACF2275F250E39BC00A2E3F6 /* MUBMenuItemManager.h */ = {isa = PBXFileReference; lastKnownFileType = sourcecode.c.h; path = MUBMenuItemManager.h; sourceTree = "<group>"; };
		ACF22760250E39BC00A2E3F6 /* MUBMenuItemManager.m */ = {isa = PBXFileReference; lastKnownFileType = sourcecode.c.objc; path = MUBMenuItemManager.m; sourceTree = "<group>"; };
		ACF22762250E3A2900A2E3F6 /* MUBExceptionManager.h */ = {isa = PBXFileReference; lastKnownFileType = sourcecode.c.h; path = MUBExceptionManager.h; sourceTree = "<group>"; };
		ACF22763250E3A2900A2E3F6 /* MUBExceptionManager.m */ = {isa = PBXFileReference; lastKnownFileType = sourcecode.c.objc; path = MUBExceptionManager.m; sourceTree = "<group>"; };
		ACF22766250E55AB00A2E3F6 /* NSArray+MUBAdd.h */ = {isa = PBXFileReference; lastKnownFileType = sourcecode.c.h; path = "NSArray+MUBAdd.h"; sourceTree = "<group>"; };
		ACF22767250E55AB00A2E3F6 /* NSArray+MUBAdd.m */ = {isa = PBXFileReference; lastKnownFileType = sourcecode.c.objc; path = "NSArray+MUBAdd.m"; sourceTree = "<group>"; };
		ACF22769250E5A5E00A2E3F6 /* NSDictionary+MUBAdd.h */ = {isa = PBXFileReference; lastKnownFileType = sourcecode.c.h; path = "NSDictionary+MUBAdd.h"; sourceTree = "<group>"; };
		ACF2276A250E5A5E00A2E3F6 /* NSDictionary+MUBAdd.m */ = {isa = PBXFileReference; lastKnownFileType = sourcecode.c.objc; path = "NSDictionary+MUBAdd.m"; sourceTree = "<group>"; };
		ACF2276C250E5CD400A2E3F6 /* NSColor+MUBAdd.h */ = {isa = PBXFileReference; lastKnownFileType = sourcecode.c.h; path = "NSColor+MUBAdd.h"; sourceTree = "<group>"; };
		ACF2276D250E5CD400A2E3F6 /* NSColor+MUBAdd.m */ = {isa = PBXFileReference; lastKnownFileType = sourcecode.c.objc; path = "NSColor+MUBAdd.m"; sourceTree = "<group>"; };
		ACF2276F250E66AD00A2E3F6 /* MUBMenuItemHeader.h */ = {isa = PBXFileReference; lastKnownFileType = sourcecode.c.h; path = MUBMenuItemHeader.h; sourceTree = "<group>"; };
		ACF22770250E670B00A2E3F6 /* MUBMenuItemFileManager.h */ = {isa = PBXFileReference; lastKnownFileType = sourcecode.c.h; path = MUBMenuItemFileManager.h; sourceTree = "<group>"; };
		ACF22771250E670B00A2E3F6 /* MUBMenuItemFileManager.m */ = {isa = PBXFileReference; lastKnownFileType = sourcecode.c.objc; path = MUBMenuItemFileManager.m; sourceTree = "<group>"; };
		ACF22774250E6EC100A2E3F6 /* MUBFileSearchCharactersManager.h */ = {isa = PBXFileReference; lastKnownFileType = sourcecode.c.h; path = MUBFileSearchCharactersManager.h; sourceTree = "<group>"; };
		ACF22775250E6EC100A2E3F6 /* MUBFileSearchCharactersManager.m */ = {isa = PBXFileReference; lastKnownFileType = sourcecode.c.objc; path = MUBFileSearchCharactersManager.m; sourceTree = "<group>"; };
		ACF22777250E705D00A2E3F6 /* NSObject+MUBAdd.h */ = {isa = PBXFileReference; lastKnownFileType = sourcecode.c.h; path = "NSObject+MUBAdd.h"; sourceTree = "<group>"; };
		ACF22778250E705D00A2E3F6 /* NSObject+MUBAdd.m */ = {isa = PBXFileReference; lastKnownFileType = sourcecode.c.objc; path = "NSObject+MUBAdd.m"; sourceTree = "<group>"; };
		ACF2277A250E72AE00A2E3F6 /* MUBOpenPanelManager.h */ = {isa = PBXFileReference; lastKnownFileType = sourcecode.c.h; path = MUBOpenPanelManager.h; sourceTree = "<group>"; };
		ACF2277B250E72AE00A2E3F6 /* MUBOpenPanelManager.m */ = {isa = PBXFileReference; lastKnownFileType = sourcecode.c.objc; path = MUBOpenPanelManager.m; sourceTree = "<group>"; };
		ACF363AD250D46B900C1DC47 /* MUBHeader.h */ = {isa = PBXFileReference; lastKnownFileType = sourcecode.c.h; path = MUBHeader.h; sourceTree = "<group>"; };
		ACF363AE250D47F600C1DC47 /* MUBCategoriesHeader.h */ = {isa = PBXFileReference; lastKnownFileType = sourcecode.c.h; path = MUBCategoriesHeader.h; sourceTree = "<group>"; };
		ACF363AF250D4C4A00C1DC47 /* MUBUtilityManager.h */ = {isa = PBXFileReference; lastKnownFileType = sourcecode.c.h; path = MUBUtilityManager.h; sourceTree = "<group>"; };
		ACF363B0250D4C4A00C1DC47 /* MUBUtilityManager.m */ = {isa = PBXFileReference; lastKnownFileType = sourcecode.c.objc; path = MUBUtilityManager.m; sourceTree = "<group>"; };
		ACF363B2250D4C6A00C1DC47 /* MUBManagersHeader.h */ = {isa = PBXFileReference; lastKnownFileType = sourcecode.c.h; path = MUBManagersHeader.h; sourceTree = "<group>"; };
		ACF363B3250D4D2400C1DC47 /* MUBConstHeader.h */ = {isa = PBXFileReference; lastKnownFileType = sourcecode.c.h; path = MUBConstHeader.h; sourceTree = "<group>"; };
		ACF363B4250D536600C1DC47 /* MUBSettingManager.h */ = {isa = PBXFileReference; lastKnownFileType = sourcecode.c.h; path = MUBSettingManager.h; sourceTree = "<group>"; };
		ACF363B5250D536600C1DC47 /* MUBSettingManager.m */ = {isa = PBXFileReference; lastKnownFileType = sourcecode.c.objc; path = MUBSettingManager.m; sourceTree = "<group>"; };
		ACF363B7250D556300C1DC47 /* MUBFileManager.h */ = {isa = PBXFileReference; fileEncoding = 4; lastKnownFileType = sourcecode.c.h; path = MUBFileManager.h; sourceTree = "<group>"; };
		ACF363B8250D556300C1DC47 /* MUBFileManager.m */ = {isa = PBXFileReference; fileEncoding = 4; lastKnownFileType = sourcecode.c.objc; path = MUBFileManager.m; sourceTree = "<group>"; };
		ACF3C40E250D36E900070C8E /* MUBUIManager.h */ = {isa = PBXFileReference; lastKnownFileType = sourcecode.c.h; path = MUBUIManager.h; sourceTree = "<group>"; };
		ACF3C40F250D36E900070C8E /* MUBUIManager.m */ = {isa = PBXFileReference; lastKnownFileType = sourcecode.c.objc; path = MUBUIManager.m; sourceTree = "<group>"; };
		ACF3C411250D387500070C8E /* WindowController.h */ = {isa = PBXFileReference; lastKnownFileType = sourcecode.c.h; path = WindowController.h; sourceTree = "<group>"; };
		ACF3C412250D387500070C8E /* WindowController.m */ = {isa = PBXFileReference; lastKnownFileType = sourcecode.c.objc; path = WindowController.m; sourceTree = "<group>"; };
		ACF3C414250D3B2200070C8E /* MUBLogManager.h */ = {isa = PBXFileReference; lastKnownFileType = sourcecode.c.h; path = MUBLogManager.h; sourceTree = "<group>"; };
		ACF3C415250D3B2200070C8E /* MUBLogManager.m */ = {isa = PBXFileReference; lastKnownFileType = sourcecode.c.objc; path = MUBLogManager.m; sourceTree = "<group>"; };
		D8D04F46203F206AAB2BFE55 /* Pods-MyUniqueBox.debug.xcconfig */ = {isa = PBXFileReference; includeInIndex = 1; lastKnownFileType = text.xcconfig; name = "Pods-MyUniqueBox.debug.xcconfig"; path = "Target Support Files/Pods-MyUniqueBox/Pods-MyUniqueBox.debug.xcconfig"; sourceTree = "<group>"; };
/* End PBXFileReference section */

/* Begin PBXFrameworksBuildPhase section */
		ACDCE277250BAC0E0014BE47 /* Frameworks */ = {
			isa = PBXFrameworksBuildPhase;
			buildActionMask = 2147483647;
			files = (
				ACC9EC15250BBDA100B0311D /* libz.tbd in Frameworks */,
				ACC9EC13250BBD9C00B0311D /* CoreFoundation.framework in Frameworks */,
				ACC9EC11250BBD9600B0311D /* CoreText.framework in Frameworks */,
				ACC9EC0F250BBD9000B0311D /* ImageIO.framework in Frameworks */,
				ACC9EC0D250BBD8A00B0311D /* Accelerate.framework in Frameworks */,
				ACC9EC0B250BBD8200B0311D /* QuartzCore.framework in Frameworks */,
				ACC9EC09250BBD7800B0311D /* CoreGraphics.framework in Frameworks */,
				20C16586D5C82EE507AEB31B /* libPods-MyUniqueBox.a in Frameworks */,
			);
			runOnlyForDeploymentPostprocessing = 0;
		};
		ACDCE28D250BAC100014BE47 /* Frameworks */ = {
			isa = PBXFrameworksBuildPhase;
			buildActionMask = 2147483647;
			files = (
			);
			runOnlyForDeploymentPostprocessing = 0;
		};
		ACDCE298250BAC100014BE47 /* Frameworks */ = {
			isa = PBXFrameworksBuildPhase;
			buildActionMask = 2147483647;
			files = (
			);
			runOnlyForDeploymentPostprocessing = 0;
		};
/* End PBXFrameworksBuildPhase section */

/* Begin PBXGroup section */
		3A8BA55183263458F786F042 /* Pods */ = {
			isa = PBXGroup;
			children = (
				D8D04F46203F206AAB2BFE55 /* Pods-MyUniqueBox.debug.xcconfig */,
				0CD11C90F80CD22493D9C250 /* Pods-MyUniqueBox.release.xcconfig */,
			);
			path = Pods;
			sourceTree = "<group>";
		};
		7D266A03ADED6A4F030FE3E8 /* Frameworks */ = {
			isa = PBXGroup;
			children = (
				ACC9EC14250BBDA100B0311D /* libz.tbd */,
				ACC9EC12250BBD9C00B0311D /* CoreFoundation.framework */,
				ACC9EC10250BBD9600B0311D /* CoreText.framework */,
				ACC9EC0E250BBD9000B0311D /* ImageIO.framework */,
				ACC9EC0C250BBD8A00B0311D /* Accelerate.framework */,
				ACC9EC0A250BBD8100B0311D /* QuartzCore.framework */,
				ACC9EC08250BBD7800B0311D /* CoreGraphics.framework */,
				3553C02ABF77D14E37F76373 /* libPods-MyUniqueBox.a */,
			);
			name = Frameworks;
			sourceTree = "<group>";
		};
		AC04518E250FD202000DA710 /* Models */ = {
			isa = PBXGroup;
			children = (
				AC988137250FC8EE00CC3372 /* MUBSettingWeiboAuthModel.h */,
				AC988138250FC8EE00CC3372 /* MUBSettingWeiboAuthModel.m */,
				AC98813A250FC91300CC3372 /* MUBSettingDeviantartAuthModel.h */,
				AC98813B250FC91300CC3372 /* MUBSettingDeviantartAuthModel.m */,
			);
			path = Models;
			sourceTree = "<group>";
		};
		AC988136250FC8CB00CC3372 /* Setting */ = {
			isa = PBXGroup;
			children = (
				ACF363B4250D536600C1DC47 /* MUBSettingManager.h */,
				ACF363B5250D536600C1DC47 /* MUBSettingManager.m */,
				AC04518E250FD202000DA710 /* Models */,
			);
			path = Setting;
			sourceTree = "<group>";
		};
		ACA93E78250BFB0C008F65A8 /* Universal */ = {
			isa = PBXGroup;
			children = (
				ACF363AD250D46B900C1DC47 /* MUBHeader.h */,
				ACF363B3250D4D2400C1DC47 /* MUBConstHeader.h */,
				ACA93E94250BFF0C008F65A8 /* Categories */,
				ACA93E95250BFF14008F65A8 /* Classes */,
				ACA93E8A250BFDCD008F65A8 /* Managers */,
			);
			path = Universal;
			sourceTree = "<group>";
		};
		ACA93E79250BFB22008F65A8 /* Main */ = {
			isa = PBXGroup;
			children = (
				ACA93E7A250BFB3A008F65A8 /* Resource */,
				ACA93E7B250BFB41008F65A8 /* File */,
				ACA93E7C250BFB4B008F65A8 /* Download */,
				ACA93E7D250BFB52008F65A8 /* Tool */,
				ACA93E7E250BFB63008F65A8 /* Archived */,
			);
			path = Main;
			sourceTree = "<group>";
		};
		ACA93E7A250BFB3A008F65A8 /* Resource */ = {
			isa = PBXGroup;
			children = (
			);
			path = Resource;
			sourceTree = "<group>";
		};
		ACA93E7B250BFB41008F65A8 /* File */ = {
			isa = PBXGroup;
			children = (
				AC988135250FBC7B00CC3372 /* MUBFileHeader.h */,
				ACF22774250E6EC100A2E3F6 /* MUBFileSearchCharactersManager.h */,
				ACF22775250E6EC100A2E3F6 /* MUBFileSearchCharactersManager.m */,
				ACABB284251240A400FBE603 /* MUBFileRename32BitMD5Manager.h */,
				ACABB285251240A400FBE603 /* MUBFileRename32BitMD5Manager.m */,
			);
			path = File;
			sourceTree = "<group>";
		};
		ACA93E7C250BFB4B008F65A8 /* Download */ = {
			isa = PBXGroup;
			children = (
			);
			path = Download;
			sourceTree = "<group>";
		};
		ACA93E7D250BFB52008F65A8 /* Tool */ = {
			isa = PBXGroup;
			children = (
			);
			path = Tool;
			sourceTree = "<group>";
		};
		ACA93E7E250BFB63008F65A8 /* Archived */ = {
			isa = PBXGroup;
			children = (
			);
			path = Archived;
			sourceTree = "<group>";
		};
		ACA93E7F250BFBA9008F65A8 /* Cookie */ = {
			isa = PBXGroup;
			children = (
				ACA93E80250BFBC3008F65A8 /* MUBCookieManager.h */,
				ACA93E81250BFBC3008F65A8 /* MUBCookieManager.m */,
				ACA93E83250BFC10008F65A8 /* MUBCookieModel.h */,
				ACA93E84250BFC10008F65A8 /* MUBCookieModel.m */,
			);
			path = Cookie;
			sourceTree = "<group>";
		};
		ACA93E8A250BFDCD008F65A8 /* Managers */ = {
			isa = PBXGroup;
			children = (
				ACF363B2250D4C6A00C1DC47 /* MUBManagersHeader.h */,
				ACF22759250E1F3C00A2E3F6 /* MUBAlertManager.h */,
				ACF2275A250E1F3C00A2E3F6 /* MUBAlertManager.m */,
				ACF22762250E3A2900A2E3F6 /* MUBExceptionManager.h */,
				ACF22763250E3A2900A2E3F6 /* MUBExceptionManager.m */,
				ACF363B7250D556300C1DC47 /* MUBFileManager.h */,
				ACF363B8250D556300C1DC47 /* MUBFileManager.m */,
				ACF3C414250D3B2200070C8E /* MUBLogManager.h */,
				ACF3C415250D3B2200070C8E /* MUBLogManager.m */,
				ACF2277A250E72AE00A2E3F6 /* MUBOpenPanelManager.h */,
				ACF2277B250E72AE00A2E3F6 /* MUBOpenPanelManager.m */,
				ACF3C40E250D36E900070C8E /* MUBUIManager.h */,
				ACF3C40F250D36E900070C8E /* MUBUIManager.m */,
				ACF363AF250D4C4A00C1DC47 /* MUBUtilityManager.h */,
				ACF363B0250D4C4A00C1DC47 /* MUBUtilityManager.m */,
				ACA93E7F250BFBA9008F65A8 /* Cookie */,
				ACA93E8E250BFE1F008F65A8 /* Download */,
				ACA93E91250BFE7C008F65A8 /* HTTP */,
				ACA93E8F250BFE36008F65A8 /* MenuItem */,
				AC988136250FC8CB00CC3372 /* Setting */,
				ACA93E93250BFEDB008F65A8 /* SQL */,
			);
			path = Managers;
			sourceTree = "<group>";
		};
		ACA93E8E250BFE1F008F65A8 /* Download */ = {
			isa = PBXGroup;
			children = (
			);
			path = Download;
			sourceTree = "<group>";
		};
		ACA93E8F250BFE36008F65A8 /* MenuItem */ = {
			isa = PBXGroup;
			children = (
				ACF2276F250E66AD00A2E3F6 /* MUBMenuItemHeader.h */,
				ACF2275F250E39BC00A2E3F6 /* MUBMenuItemManager.h */,
				ACF22760250E39BC00A2E3F6 /* MUBMenuItemManager.m */,
				ACF22773250E67D300A2E3F6 /* File */,
			);
			path = MenuItem;
			sourceTree = "<group>";
		};
		ACA93E91250BFE7C008F65A8 /* HTTP */ = {
			isa = PBXGroup;
			children = (
			);
			path = HTTP;
			sourceTree = "<group>";
		};
		ACA93E93250BFEDB008F65A8 /* SQL */ = {
			isa = PBXGroup;
			children = (
			);
			path = SQL;
			sourceTree = "<group>";
		};
		ACA93E94250BFF0C008F65A8 /* Categories */ = {
			isa = PBXGroup;
			children = (
				ACF363AE250D47F600C1DC47 /* MUBCategoriesHeader.h */,
				ACF22766250E55AB00A2E3F6 /* NSArray+MUBAdd.h */,
				ACF22767250E55AB00A2E3F6 /* NSArray+MUBAdd.m */,
				ACF2276C250E5CD400A2E3F6 /* NSColor+MUBAdd.h */,
				ACF2276D250E5CD400A2E3F6 /* NSColor+MUBAdd.m */,
				ACF22769250E5A5E00A2E3F6 /* NSDictionary+MUBAdd.h */,
				ACF2276A250E5A5E00A2E3F6 /* NSDictionary+MUBAdd.m */,
				ACF22777250E705D00A2E3F6 /* NSObject+MUBAdd.h */,
				ACF22778250E705D00A2E3F6 /* NSObject+MUBAdd.m */,
				ACF22755250E100400A2E3F6 /* NSString+MUBAdd.h */,
				ACF22756250E100400A2E3F6 /* NSString+MUBAdd.m */,
			);
			path = Categories;
			sourceTree = "<group>";
		};
		ACA93E95250BFF14008F65A8 /* Classes */ = {
			isa = PBXGroup;
			children = (
				ACF22752250E0D7300A2E3F6 /* MUBAlert.h */,
				ACF22753250E0D7300A2E3F6 /* MUBAlert.m */,
				ACA93E87250BFC71008F65A8 /* MUBModel.h */,
				ACA93E88250BFC71008F65A8 /* MUBModel.m */,
				ACF2275C250E377F00A2E3F6 /* MUBModalWindowController.h */,
				ACF2275D250E378000A2E3F6 /* MUBModalWindowController.m */,
			);
			path = Classes;
			sourceTree = "<group>";
		};
		ACC9EBD7250BB97400B0311D /* Third Parties */ = {
			isa = PBXGroup;
			children = (
				ACC9EC19250BC30100B0311D /* PixivAPI */,
				ACC9EC2C250BC30800B0311D /* XMLReader */,
				ACC9EBDA250BBC8400B0311D /* YYCategories */,
			);
			path = "Third Parties";
			sourceTree = "<group>";
		};
		ACC9EBDA250BBC8400B0311D /* YYCategories */ = {
			isa = PBXGroup;
			children = (
				ACC9EBDB250BBC8400B0311D /* YYCategories.h */,
				ACC9EBF9250BBC8400B0311D /* YYCategoriesMacro.h */,
				ACC9EBDC250BBC8400B0311D /* Foundation */,
			);
			path = YYCategories;
			sourceTree = "<group>";
		};
		ACC9EBDC250BBC8400B0311D /* Foundation */ = {
			isa = PBXGroup;
			children = (
				ACC9EBED250BBC8400B0311D /* NSArray+YYAdd.h */,
				ACC9EBDD250BBC8400B0311D /* NSArray+YYAdd.m */,
				ACC9EBF2250BBC8400B0311D /* NSBundle+YYAdd.h */,
				ACC9EBE3250BBC8400B0311D /* NSBundle+YYAdd.m */,
				ACC9EBF7250BBC8400B0311D /* NSData+YYAdd.h */,
				ACC9EBE7250BBC8400B0311D /* NSData+YYAdd.m */,
				ACC9EBE0250BBC8400B0311D /* NSDate+YYAdd.h */,
				ACC9EBEF250BBC8400B0311D /* NSDate+YYAdd.m */,
				ACC9EBE9250BBC8400B0311D /* NSDictionary+YYAdd.h */,
				ACC9EBF5250BBC8400B0311D /* NSDictionary+YYAdd.m */,
				ACC9EBF4250BBC8400B0311D /* NSKeyedUnarchiver+YYAdd.h */,
				ACC9EBEA250BBC8400B0311D /* NSKeyedUnarchiver+YYAdd.m */,
				ACC9EBE2250BBC8400B0311D /* NSNotificationCenter+YYAdd.h */,
				ACC9EBF3250BBC8400B0311D /* NSNotificationCenter+YYAdd.m */,
				ACC9EBEC250BBC8400B0311D /* NSNumber+YYAdd.h */,
				ACC9EBDE250BBC8400B0311D /* NSNumber+YYAdd.m */,
				ACC9EBF0250BBC8400B0311D /* NSObject+YYAdd.h */,
				ACC9EBE4250BBC8400B0311D /* NSObject+YYAdd.m */,
				ACC9EBE1250BBC8400B0311D /* NSObject+YYAddForARC.h */,
				ACC9EBEE250BBC8400B0311D /* NSObject+YYAddForARC.m */,
				ACC9EBE6250BBC8400B0311D /* NSObject+YYAddForKVO.h */,
				ACC9EBF8250BBC8400B0311D /* NSObject+YYAddForKVO.m */,
				ACC9EBE5250BBC8400B0311D /* NSString+YYAdd.h */,
				ACC9EBF1250BBC8400B0311D /* NSString+YYAdd.m */,
				ACC9EBF6250BBC8400B0311D /* NSThread+YYAdd.h */,
				ACC9EBE8250BBC8400B0311D /* NSThread+YYAdd.m */,
				ACC9EBDF250BBC8400B0311D /* NSTimer+YYAdd.h */,
				ACC9EBEB250BBC8400B0311D /* NSTimer+YYAdd.m */,
			);
			path = Foundation;
			sourceTree = "<group>";
		};
		ACC9EC17250BBEF900B0311D /* Resources */ = {
			isa = PBXGroup;
			children = (
				ACDCE283250BAC100014BE47 /* Assets.xcassets */,
				ACDCE288250BAC100014BE47 /* Info.plist */,
				ACDCE289250BAC100014BE47 /* main.m */,
				ACDCE28B250BAC100014BE47 /* MyUniqueBox.entitlements */,
				ACC9EC18250BBF4500B0311D /* MyUniqueBox-Prefix.pch */,
			);
			path = Resources;
			sourceTree = "<group>";
		};
		ACC9EC19250BC30100B0311D /* PixivAPI */ = {
			isa = PBXGroup;
			children = (
				ACC9EC1A250BC30100B0311D /* PAPIAuthor.m */,
				ACC9EC1B250BC30100B0311D /* PAPIIllust.m */,
				ACC9EC1C250BC30100B0311D /* PixivAPI.h */,
				ACC9EC1D250BC30100B0311D /* PixivAPI.js */,
				ACC9EC1E250BC30100B0311D /* PAPIIllustList.m */,
				ACC9EC1F250BC30100B0311D /* SAPIIllust.h */,
				ACC9EC20250BC30100B0311D /* PAPIIllust.h */,
				ACC9EC21250BC30100B0311D /* PAPIAuthor.h */,
				ACC9EC22250BC30100B0311D /* PixivAPI.m */,
				ACC9EC23250BC30100B0311D /* PixivDefines.h */,
				ACC9EC24250BC30100B0311D /* SAPIIllust.m */,
				ACC9EC25250BC30100B0311D /* PAPIIllustList.h */,
			);
			path = PixivAPI;
			sourceTree = "<group>";
		};
		ACC9EC2C250BC30800B0311D /* XMLReader */ = {
			isa = PBXGroup;
			children = (
				ACC9EC2D250BC30800B0311D /* XMLReader.h */,
				ACC9EC2E250BC30800B0311D /* XMLReader.m */,
			);
			path = XMLReader;
			sourceTree = "<group>";
		};
		ACDCE271250BAC0E0014BE47 = {
			isa = PBXGroup;
			children = (
				ACDCE27C250BAC0E0014BE47 /* MyUniqueBox */,
				ACDCE293250BAC100014BE47 /* MyUniqueBoxTests */,
				ACDCE29E250BAC100014BE47 /* MyUniqueBoxUITests */,
				ACDCE27B250BAC0E0014BE47 /* Products */,
				3A8BA55183263458F786F042 /* Pods */,
				7D266A03ADED6A4F030FE3E8 /* Frameworks */,
			);
			sourceTree = "<group>";
		};
		ACDCE27B250BAC0E0014BE47 /* Products */ = {
			isa = PBXGroup;
			children = (
				ACDCE27A250BAC0E0014BE47 /* MyUniqueBox.app */,
				ACDCE290250BAC100014BE47 /* MyUniqueBoxTests.xctest */,
				ACDCE29B250BAC100014BE47 /* MyUniqueBoxUITests.xctest */,
			);
			name = Products;
			sourceTree = "<group>";
		};
		ACDCE27C250BAC0E0014BE47 /* MyUniqueBox */ = {
			isa = PBXGroup;
			children = (
				ACDCE27D250BAC0E0014BE47 /* AppDelegate.h */,
				ACDCE27E250BAC0E0014BE47 /* AppDelegate.m */,
				ACF3C411250D387500070C8E /* WindowController.h */,
				ACF3C412250D387500070C8E /* WindowController.m */,
				ACDCE280250BAC0E0014BE47 /* ViewController.h */,
				ACDCE281250BAC0E0014BE47 /* ViewController.m */,
				ACDCE285250BAC100014BE47 /* Main.storyboard */,
				ACA93E78250BFB0C008F65A8 /* Universal */,
				ACA93E79250BFB22008F65A8 /* Main */,
				ACC9EC17250BBEF900B0311D /* Resources */,
				ACC9EBD7250BB97400B0311D /* Third Parties */,
			);
			path = MyUniqueBox;
			sourceTree = "<group>";
		};
		ACDCE293250BAC100014BE47 /* MyUniqueBoxTests */ = {
			isa = PBXGroup;
			children = (
				ACDCE294250BAC100014BE47 /* MyUniqueBoxTests.m */,
				ACDCE296250BAC100014BE47 /* Info.plist */,
			);
			path = MyUniqueBoxTests;
			sourceTree = "<group>";
		};
		ACDCE29E250BAC100014BE47 /* MyUniqueBoxUITests */ = {
			isa = PBXGroup;
			children = (
				ACDCE29F250BAC100014BE47 /* MyUniqueBoxUITests.m */,
				ACDCE2A1250BAC100014BE47 /* Info.plist */,
			);
			path = MyUniqueBoxUITests;
			sourceTree = "<group>";
		};
		ACF22773250E67D300A2E3F6 /* File */ = {
			isa = PBXGroup;
			children = (
				ACF22770250E670B00A2E3F6 /* MUBMenuItemFileManager.h */,
				ACF22771250E670B00A2E3F6 /* MUBMenuItemFileManager.m */,
			);
			path = File;
			sourceTree = "<group>";
		};
/* End PBXGroup section */

/* Begin PBXNativeTarget section */
		ACDCE279250BAC0E0014BE47 /* MyUniqueBox */ = {
			isa = PBXNativeTarget;
			buildConfigurationList = ACDCE2A4250BAC100014BE47 /* Build configuration list for PBXNativeTarget "MyUniqueBox" */;
			buildPhases = (
				DB27A560B06DFCC7DFBFBF15 /* [CP] Check Pods Manifest.lock */,
				ACDCE276250BAC0E0014BE47 /* Sources */,
				ACDCE277250BAC0E0014BE47 /* Frameworks */,
				ACDCE278250BAC0E0014BE47 /* Resources */,
				AAACED5AD11B3363F387C0EC /* [CP] Copy Pods Resources */,
			);
			buildRules = (
			);
			dependencies = (
			);
			name = MyUniqueBox;
			productName = MyUniqueBox;
			productReference = ACDCE27A250BAC0E0014BE47 /* MyUniqueBox.app */;
			productType = "com.apple.product-type.application";
		};
		ACDCE28F250BAC100014BE47 /* MyUniqueBoxTests */ = {
			isa = PBXNativeTarget;
			buildConfigurationList = ACDCE2A7250BAC100014BE47 /* Build configuration list for PBXNativeTarget "MyUniqueBoxTests" */;
			buildPhases = (
				ACDCE28C250BAC100014BE47 /* Sources */,
				ACDCE28D250BAC100014BE47 /* Frameworks */,
				ACDCE28E250BAC100014BE47 /* Resources */,
			);
			buildRules = (
			);
			dependencies = (
				ACDCE292250BAC100014BE47 /* PBXTargetDependency */,
			);
			name = MyUniqueBoxTests;
			productName = MyUniqueBoxTests;
			productReference = ACDCE290250BAC100014BE47 /* MyUniqueBoxTests.xctest */;
			productType = "com.apple.product-type.bundle.unit-test";
		};
		ACDCE29A250BAC100014BE47 /* MyUniqueBoxUITests */ = {
			isa = PBXNativeTarget;
			buildConfigurationList = ACDCE2AA250BAC100014BE47 /* Build configuration list for PBXNativeTarget "MyUniqueBoxUITests" */;
			buildPhases = (
				ACDCE297250BAC100014BE47 /* Sources */,
				ACDCE298250BAC100014BE47 /* Frameworks */,
				ACDCE299250BAC100014BE47 /* Resources */,
			);
			buildRules = (
			);
			dependencies = (
				ACDCE29D250BAC100014BE47 /* PBXTargetDependency */,
			);
			name = MyUniqueBoxUITests;
			productName = MyUniqueBoxUITests;
			productReference = ACDCE29B250BAC100014BE47 /* MyUniqueBoxUITests.xctest */;
			productType = "com.apple.product-type.bundle.ui-testing";
		};
/* End PBXNativeTarget section */

/* Begin PBXProject section */
		ACDCE272250BAC0E0014BE47 /* Project object */ = {
			isa = PBXProject;
			attributes = {
				LastUpgradeCheck = 1160;
				ORGANIZATIONNAME = "龚宇";
				TargetAttributes = {
					ACDCE279250BAC0E0014BE47 = {
						CreatedOnToolsVersion = 11.6;
					};
					ACDCE28F250BAC100014BE47 = {
						CreatedOnToolsVersion = 11.6;
						TestTargetID = ACDCE279250BAC0E0014BE47;
					};
					ACDCE29A250BAC100014BE47 = {
						CreatedOnToolsVersion = 11.6;
						TestTargetID = ACDCE279250BAC0E0014BE47;
					};
				};
			};
			buildConfigurationList = ACDCE275250BAC0E0014BE47 /* Build configuration list for PBXProject "MyUniqueBox" */;
			compatibilityVersion = "Xcode 9.3";
			developmentRegion = en;
			hasScannedForEncodings = 0;
			knownRegions = (
				en,
			);
			mainGroup = ACDCE271250BAC0E0014BE47;
			productRefGroup = ACDCE27B250BAC0E0014BE47 /* Products */;
			projectDirPath = "";
			projectRoot = "";
			targets = (
				ACDCE279250BAC0E0014BE47 /* MyUniqueBox */,
				ACDCE28F250BAC100014BE47 /* MyUniqueBoxTests */,
				ACDCE29A250BAC100014BE47 /* MyUniqueBoxUITests */,
			);
		};
/* End PBXProject section */

/* Begin PBXResourcesBuildPhase section */
		ACDCE278250BAC0E0014BE47 /* Resources */ = {
			isa = PBXResourcesBuildPhase;
			buildActionMask = 2147483647;
			files = (
				ACC9EC28250BC30100B0311D /* PixivAPI.js in Resources */,
				ACDCE284250BAC100014BE47 /* Assets.xcassets in Resources */,
				ACDCE287250BAC100014BE47 /* Main.storyboard in Resources */,
			);
			runOnlyForDeploymentPostprocessing = 0;
		};
		ACDCE28E250BAC100014BE47 /* Resources */ = {
			isa = PBXResourcesBuildPhase;
			buildActionMask = 2147483647;
			files = (
			);
			runOnlyForDeploymentPostprocessing = 0;
		};
		ACDCE299250BAC100014BE47 /* Resources */ = {
			isa = PBXResourcesBuildPhase;
			buildActionMask = 2147483647;
			files = (
			);
			runOnlyForDeploymentPostprocessing = 0;
		};
/* End PBXResourcesBuildPhase section */

/* Begin PBXShellScriptBuildPhase section */
		AAACED5AD11B3363F387C0EC /* [CP] Copy Pods Resources */ = {
			isa = PBXShellScriptBuildPhase;
			buildActionMask = 2147483647;
			files = (
			);
			inputFileListPaths = (
				"${PODS_ROOT}/Target Support Files/Pods-MyUniqueBox/Pods-MyUniqueBox-resources-${CONFIGURATION}-input-files.xcfilelist",
			);
			name = "[CP] Copy Pods Resources";
			outputFileListPaths = (
				"${PODS_ROOT}/Target Support Files/Pods-MyUniqueBox/Pods-MyUniqueBox-resources-${CONFIGURATION}-output-files.xcfilelist",
			);
			runOnlyForDeploymentPostprocessing = 0;
			shellPath = /bin/sh;
			shellScript = "\"${PODS_ROOT}/Target Support Files/Pods-MyUniqueBox/Pods-MyUniqueBox-resources.sh\"\n";
			showEnvVarsInLog = 0;
		};
		DB27A560B06DFCC7DFBFBF15 /* [CP] Check Pods Manifest.lock */ = {
			isa = PBXShellScriptBuildPhase;
			buildActionMask = 2147483647;
			files = (
			);
			inputFileListPaths = (
			);
			inputPaths = (
				"${PODS_PODFILE_DIR_PATH}/Podfile.lock",
				"${PODS_ROOT}/Manifest.lock",
			);
			name = "[CP] Check Pods Manifest.lock";
			outputFileListPaths = (
			);
			outputPaths = (
				"$(DERIVED_FILE_DIR)/Pods-MyUniqueBox-checkManifestLockResult.txt",
			);
			runOnlyForDeploymentPostprocessing = 0;
			shellPath = /bin/sh;
			shellScript = "diff \"${PODS_PODFILE_DIR_PATH}/Podfile.lock\" \"${PODS_ROOT}/Manifest.lock\" > /dev/null\nif [ $? != 0 ] ; then\n    # print error to STDERR\n    echo \"error: The sandbox is not in sync with the Podfile.lock. Run 'pod install' or update your CocoaPods installation.\" >&2\n    exit 1\nfi\n# This output is used by Xcode 'outputs' to avoid re-running this script phase.\necho \"SUCCESS\" > \"${SCRIPT_OUTPUT_FILE_0}\"\n";
			showEnvVarsInLog = 0;
		};
/* End PBXShellScriptBuildPhase section */

/* Begin PBXSourcesBuildPhase section */
		ACDCE276250BAC0E0014BE47 /* Sources */ = {
			isa = PBXSourcesBuildPhase;
			buildActionMask = 2147483647;
			files = (
				ACC9EBFA250BBC8400B0311D /* NSArray+YYAdd.m in Sources */,
				ACF3C416250D3B2200070C8E /* MUBLogManager.m in Sources */,
				ACF2275E250E378000A2E3F6 /* MUBModalWindowController.m in Sources */,
				ACF3C413250D387500070C8E /* WindowController.m in Sources */,
				ACF22779250E705D00A2E3F6 /* NSObject+MUBAdd.m in Sources */,
				ACC9EBFD250BBC8400B0311D /* NSObject+YYAdd.m in Sources */,
				ACC9EC07250BBC8400B0311D /* NSObject+YYAddForKVO.m in Sources */,
				ACF363B1250D4C4A00C1DC47 /* MUBUtilityManager.m in Sources */,
				ACF2276B250E5A5E00A2E3F6 /* NSDictionary+MUBAdd.m in Sources */,
				ACC9EC2B250BC30100B0311D /* SAPIIllust.m in Sources */,
				ACC9EBFE250BBC8400B0311D /* NSData+YYAdd.m in Sources */,
				ACC9EC26250BC30100B0311D /* PAPIAuthor.m in Sources */,
				ACA93E82250BFBC3008F65A8 /* MUBCookieManager.m in Sources */,
				ACF2275B250E1F3C00A2E3F6 /* MUBAlertManager.m in Sources */,
				ACF363B9250D556300C1DC47 /* MUBFileManager.m in Sources */,
				ACDCE282250BAC0E0014BE47 /* ViewController.m in Sources */,
				ACF22776250E6EC100A2E3F6 /* MUBFileSearchCharactersManager.m in Sources */,
				ACF22757250E100400A2E3F6 /* NSString+MUBAdd.m in Sources */,
				ACF2277C250E72AE00A2E3F6 /* MUBOpenPanelManager.m in Sources */,
				ACF22761250E39BC00A2E3F6 /* MUBMenuItemManager.m in Sources */,
				ACC9EBFC250BBC8400B0311D /* NSBundle+YYAdd.m in Sources */,
				AC98813C250FC91300CC3372 /* MUBSettingDeviantartAuthModel.m in Sources */,
				ACC9EBFB250BBC8400B0311D /* NSNumber+YYAdd.m in Sources */,
				ACDCE28A250BAC100014BE47 /* main.m in Sources */,
				ACF22772250E670B00A2E3F6 /* MUBMenuItemFileManager.m in Sources */,
				ACC9EC05250BBC8400B0311D /* NSNotificationCenter+YYAdd.m in Sources */,
				ACABB286251240A400FBE603 /* MUBFileRename32BitMD5Manager.m in Sources */,
				ACC9EC27250BC30100B0311D /* PAPIIllust.m in Sources */,
				AC988139250FC8EE00CC3372 /* MUBSettingWeiboAuthModel.m in Sources */,
				ACC9EC2A250BC30100B0311D /* PixivAPI.m in Sources */,
				ACF3C410250D36E900070C8E /* MUBUIManager.m in Sources */,
				ACA93E85250BFC10008F65A8 /* MUBCookieModel.m in Sources */,
				ACF363B6250D536600C1DC47 /* MUBSettingManager.m in Sources */,
				ACDCE27F250BAC0E0014BE47 /* AppDelegate.m in Sources */,
				ACC9EC2F250BC30800B0311D /* XMLReader.m in Sources */,
				ACC9EC02250BBC8400B0311D /* NSObject+YYAddForARC.m in Sources */,
				ACC9EC00250BBC8400B0311D /* NSKeyedUnarchiver+YYAdd.m in Sources */,
				ACC9EC29250BC30100B0311D /* PAPIIllustList.m in Sources */,
				ACF2276E250E5CD400A2E3F6 /* NSColor+MUBAdd.m in Sources */,
				ACF22764250E3A2900A2E3F6 /* MUBExceptionManager.m in Sources */,
				ACC9EC03250BBC8400B0311D /* NSDate+YYAdd.m in Sources */,
				ACC9EC06250BBC8400B0311D /* NSDictionary+YYAdd.m in Sources */,
				ACC9EBFF250BBC8400B0311D /* NSThread+YYAdd.m in Sources */,
				ACC9EC01250BBC8400B0311D /* NSTimer+YYAdd.m in Sources */,
				ACA93E89250BFC71008F65A8 /* MUBModel.m in Sources */,
				ACC9EC04250BBC8400B0311D /* NSString+YYAdd.m in Sources */,
				ACF22768250E55AB00A2E3F6 /* NSArray+MUBAdd.m in Sources */,
				ACF22754250E0D7300A2E3F6 /* MUBAlert.m in Sources */,
			);
			runOnlyForDeploymentPostprocessing = 0;
		};
		ACDCE28C250BAC100014BE47 /* Sources */ = {
			isa = PBXSourcesBuildPhase;
			buildActionMask = 2147483647;
			files = (
				ACDCE295250BAC100014BE47 /* MyUniqueBoxTests.m in Sources */,
			);
			runOnlyForDeploymentPostprocessing = 0;
		};
		ACDCE297250BAC100014BE47 /* Sources */ = {
			isa = PBXSourcesBuildPhase;
			buildActionMask = 2147483647;
			files = (
				ACDCE2A0250BAC100014BE47 /* MyUniqueBoxUITests.m in Sources */,
			);
			runOnlyForDeploymentPostprocessing = 0;
		};
/* End PBXSourcesBuildPhase section */

/* Begin PBXTargetDependency section */
		ACDCE292250BAC100014BE47 /* PBXTargetDependency */ = {
			isa = PBXTargetDependency;
			target = ACDCE279250BAC0E0014BE47 /* MyUniqueBox */;
			targetProxy = ACDCE291250BAC100014BE47 /* PBXContainerItemProxy */;
		};
		ACDCE29D250BAC100014BE47 /* PBXTargetDependency */ = {
			isa = PBXTargetDependency;
			target = ACDCE279250BAC0E0014BE47 /* MyUniqueBox */;
			targetProxy = ACDCE29C250BAC100014BE47 /* PBXContainerItemProxy */;
		};
/* End PBXTargetDependency section */

/* Begin PBXVariantGroup section */
		ACDCE285250BAC100014BE47 /* Main.storyboard */ = {
			isa = PBXVariantGroup;
			children = (
				ACA93E76250BE4CE008F65A8 /* en */,
			);
			name = Main.storyboard;
			sourceTree = "<group>";
		};
/* End PBXVariantGroup section */

/* Begin XCBuildConfiguration section */
		ACDCE2A2250BAC100014BE47 /* Debug */ = {
			isa = XCBuildConfiguration;
			buildSettings = {
				ALWAYS_SEARCH_USER_PATHS = NO;
				CLANG_ANALYZER_LOCALIZABILITY_NONLOCALIZED = YES;
				CLANG_ANALYZER_NONNULL = YES;
				CLANG_ANALYZER_NUMBER_OBJECT_CONVERSION = YES_AGGRESSIVE;
				CLANG_CXX_LANGUAGE_STANDARD = "gnu++14";
				CLANG_CXX_LIBRARY = "libc++";
				CLANG_ENABLE_MODULES = YES;
				CLANG_ENABLE_OBJC_ARC = YES;
				CLANG_ENABLE_OBJC_WEAK = YES;
				CLANG_WARN_BLOCK_CAPTURE_AUTORELEASING = YES;
				CLANG_WARN_BOOL_CONVERSION = YES;
				CLANG_WARN_COMMA = YES;
				CLANG_WARN_CONSTANT_CONVERSION = YES;
				CLANG_WARN_DEPRECATED_OBJC_IMPLEMENTATIONS = YES;
				CLANG_WARN_DIRECT_OBJC_ISA_USAGE = YES_ERROR;
				CLANG_WARN_DOCUMENTATION_COMMENTS = YES;
				CLANG_WARN_EMPTY_BODY = YES;
				CLANG_WARN_ENUM_CONVERSION = YES;
				CLANG_WARN_INFINITE_RECURSION = YES;
				CLANG_WARN_INT_CONVERSION = YES;
				CLANG_WARN_NON_LITERAL_NULL_CONVERSION = YES;
				CLANG_WARN_OBJC_IMPLICIT_RETAIN_SELF = YES;
				CLANG_WARN_OBJC_LITERAL_CONVERSION = YES;
				CLANG_WARN_OBJC_ROOT_CLASS = YES_ERROR;
				CLANG_WARN_RANGE_LOOP_ANALYSIS = YES;
				CLANG_WARN_STRICT_PROTOTYPES = YES;
				CLANG_WARN_SUSPICIOUS_MOVE = YES;
				CLANG_WARN_UNGUARDED_AVAILABILITY = YES_AGGRESSIVE;
				CLANG_WARN_UNREACHABLE_CODE = YES;
				CLANG_WARN__DUPLICATE_METHOD_MATCH = YES;
				COPY_PHASE_STRIP = NO;
				DEBUG_INFORMATION_FORMAT = dwarf;
				ENABLE_STRICT_OBJC_MSGSEND = YES;
				ENABLE_TESTABILITY = YES;
				GCC_C_LANGUAGE_STANDARD = gnu11;
				GCC_DYNAMIC_NO_PIC = NO;
				GCC_NO_COMMON_BLOCKS = YES;
				GCC_OPTIMIZATION_LEVEL = 0;
				GCC_PREPROCESSOR_DEFINITIONS = (
					"DEBUG=1",
					"$(inherited)",
				);
				GCC_WARN_64_TO_32_BIT_CONVERSION = YES;
				GCC_WARN_ABOUT_RETURN_TYPE = YES_ERROR;
				GCC_WARN_UNDECLARED_SELECTOR = YES;
				GCC_WARN_UNINITIALIZED_AUTOS = YES_AGGRESSIVE;
				GCC_WARN_UNUSED_FUNCTION = YES;
				GCC_WARN_UNUSED_VARIABLE = YES;
				MACOSX_DEPLOYMENT_TARGET = 10.15;
				MTL_ENABLE_DEBUG_INFO = INCLUDE_SOURCE;
				MTL_FAST_MATH = YES;
				ONLY_ACTIVE_ARCH = YES;
				SDKROOT = macosx;
			};
			name = Debug;
		};
		ACDCE2A3250BAC100014BE47 /* Release */ = {
			isa = XCBuildConfiguration;
			buildSettings = {
				ALWAYS_SEARCH_USER_PATHS = NO;
				CLANG_ANALYZER_LOCALIZABILITY_NONLOCALIZED = YES;
				CLANG_ANALYZER_NONNULL = YES;
				CLANG_ANALYZER_NUMBER_OBJECT_CONVERSION = YES_AGGRESSIVE;
				CLANG_CXX_LANGUAGE_STANDARD = "gnu++14";
				CLANG_CXX_LIBRARY = "libc++";
				CLANG_ENABLE_MODULES = YES;
				CLANG_ENABLE_OBJC_ARC = YES;
				CLANG_ENABLE_OBJC_WEAK = YES;
				CLANG_WARN_BLOCK_CAPTURE_AUTORELEASING = YES;
				CLANG_WARN_BOOL_CONVERSION = YES;
				CLANG_WARN_COMMA = YES;
				CLANG_WARN_CONSTANT_CONVERSION = YES;
				CLANG_WARN_DEPRECATED_OBJC_IMPLEMENTATIONS = YES;
				CLANG_WARN_DIRECT_OBJC_ISA_USAGE = YES_ERROR;
				CLANG_WARN_DOCUMENTATION_COMMENTS = YES;
				CLANG_WARN_EMPTY_BODY = YES;
				CLANG_WARN_ENUM_CONVERSION = YES;
				CLANG_WARN_INFINITE_RECURSION = YES;
				CLANG_WARN_INT_CONVERSION = YES;
				CLANG_WARN_NON_LITERAL_NULL_CONVERSION = YES;
				CLANG_WARN_OBJC_IMPLICIT_RETAIN_SELF = YES;
				CLANG_WARN_OBJC_LITERAL_CONVERSION = YES;
				CLANG_WARN_OBJC_ROOT_CLASS = YES_ERROR;
				CLANG_WARN_RANGE_LOOP_ANALYSIS = YES;
				CLANG_WARN_STRICT_PROTOTYPES = YES;
				CLANG_WARN_SUSPICIOUS_MOVE = YES;
				CLANG_WARN_UNGUARDED_AVAILABILITY = YES_AGGRESSIVE;
				CLANG_WARN_UNREACHABLE_CODE = YES;
				CLANG_WARN__DUPLICATE_METHOD_MATCH = YES;
				COPY_PHASE_STRIP = NO;
				DEBUG_INFORMATION_FORMAT = "dwarf-with-dsym";
				ENABLE_NS_ASSERTIONS = NO;
				ENABLE_STRICT_OBJC_MSGSEND = YES;
				GCC_C_LANGUAGE_STANDARD = gnu11;
				GCC_NO_COMMON_BLOCKS = YES;
				GCC_WARN_64_TO_32_BIT_CONVERSION = YES;
				GCC_WARN_ABOUT_RETURN_TYPE = YES_ERROR;
				GCC_WARN_UNDECLARED_SELECTOR = YES;
				GCC_WARN_UNINITIALIZED_AUTOS = YES_AGGRESSIVE;
				GCC_WARN_UNUSED_FUNCTION = YES;
				GCC_WARN_UNUSED_VARIABLE = YES;
				MACOSX_DEPLOYMENT_TARGET = 10.15;
				MTL_ENABLE_DEBUG_INFO = NO;
				MTL_FAST_MATH = YES;
				SDKROOT = macosx;
			};
			name = Release;
		};
		ACDCE2A5250BAC100014BE47 /* Debug */ = {
			isa = XCBuildConfiguration;
			baseConfigurationReference = D8D04F46203F206AAB2BFE55 /* Pods-MyUniqueBox.debug.xcconfig */;
			buildSettings = {
				ASSETCATALOG_COMPILER_APPICON_NAME = AppIcon;
				CODE_SIGN_ENTITLEMENTS = MyUniqueBox/Resources/MyUniqueBox.entitlements;
				CODE_SIGN_STYLE = Automatic;
				COMBINE_HIDPI_IMAGES = YES;
				GCC_PREFIX_HEADER = "$(SRCROOT)/MyUniqueBox/Resources/MyUniqueBox-Prefix.pch";
				INFOPLIST_FILE = MyUniqueBox/Resources/Info.plist;
				LD_RUNPATH_SEARCH_PATHS = (
					"$(inherited)",
					"@executable_path/../Frameworks",
				);
				MACOSX_DEPLOYMENT_TARGET = 10.14;
				PRODUCT_BUNDLE_IDENTIFIER = com.gongyu.MyUniqueBox;
				PRODUCT_NAME = "$(TARGET_NAME)";
			};
			name = Debug;
		};
		ACDCE2A6250BAC100014BE47 /* Release */ = {
			isa = XCBuildConfiguration;
			baseConfigurationReference = 0CD11C90F80CD22493D9C250 /* Pods-MyUniqueBox.release.xcconfig */;
			buildSettings = {
				ASSETCATALOG_COMPILER_APPICON_NAME = AppIcon;
				CODE_SIGN_ENTITLEMENTS = MyUniqueBox/Resources/MyUniqueBox.entitlements;
				CODE_SIGN_STYLE = Automatic;
				COMBINE_HIDPI_IMAGES = YES;
				GCC_PREFIX_HEADER = "$(SRCROOT)/MyUniqueBox/Resources/MyUniqueBox-Prefix.pch";
				INFOPLIST_FILE = MyUniqueBox/Resources/Info.plist;
				LD_RUNPATH_SEARCH_PATHS = (
					"$(inherited)",
					"@executable_path/../Frameworks",
				);
				MACOSX_DEPLOYMENT_TARGET = 10.14;
				PRODUCT_BUNDLE_IDENTIFIER = com.gongyu.MyUniqueBox;
				PRODUCT_NAME = "$(TARGET_NAME)";
			};
			name = Release;
		};
		ACDCE2A8250BAC100014BE47 /* Debug */ = {
			isa = XCBuildConfiguration;
			buildSettings = {
				BUNDLE_LOADER = "$(TEST_HOST)";
				CODE_SIGN_STYLE = Automatic;
				COMBINE_HIDPI_IMAGES = YES;
				INFOPLIST_FILE = MyUniqueBoxTests/Info.plist;
				LD_RUNPATH_SEARCH_PATHS = (
					"$(inherited)",
					"@executable_path/../Frameworks",
					"@loader_path/../Frameworks",
				);
				MACOSX_DEPLOYMENT_TARGET = 10.15;
				PRODUCT_BUNDLE_IDENTIFIER = com.gongyu.MyUniqueBoxTests;
				PRODUCT_NAME = "$(TARGET_NAME)";
				TEST_HOST = "$(BUILT_PRODUCTS_DIR)/MyUniqueBox.app/Contents/MacOS/MyUniqueBox";
			};
			name = Debug;
		};
		ACDCE2A9250BAC100014BE47 /* Release */ = {
			isa = XCBuildConfiguration;
			buildSettings = {
				BUNDLE_LOADER = "$(TEST_HOST)";
				CODE_SIGN_STYLE = Automatic;
				COMBINE_HIDPI_IMAGES = YES;
				INFOPLIST_FILE = MyUniqueBoxTests/Info.plist;
				LD_RUNPATH_SEARCH_PATHS = (
					"$(inherited)",
					"@executable_path/../Frameworks",
					"@loader_path/../Frameworks",
				);
				MACOSX_DEPLOYMENT_TARGET = 10.15;
				PRODUCT_BUNDLE_IDENTIFIER = com.gongyu.MyUniqueBoxTests;
				PRODUCT_NAME = "$(TARGET_NAME)";
				TEST_HOST = "$(BUILT_PRODUCTS_DIR)/MyUniqueBox.app/Contents/MacOS/MyUniqueBox";
			};
			name = Release;
		};
		ACDCE2AB250BAC100014BE47 /* Debug */ = {
			isa = XCBuildConfiguration;
			buildSettings = {
				CODE_SIGN_STYLE = Automatic;
				COMBINE_HIDPI_IMAGES = YES;
				INFOPLIST_FILE = MyUniqueBoxUITests/Info.plist;
				LD_RUNPATH_SEARCH_PATHS = (
					"$(inherited)",
					"@executable_path/../Frameworks",
					"@loader_path/../Frameworks",
				);
				PRODUCT_BUNDLE_IDENTIFIER = com.gongyu.MyUniqueBoxUITests;
				PRODUCT_NAME = "$(TARGET_NAME)";
				TEST_TARGET_NAME = MyUniqueBox;
			};
			name = Debug;
		};
		ACDCE2AC250BAC100014BE47 /* Release */ = {
			isa = XCBuildConfiguration;
			buildSettings = {
				CODE_SIGN_STYLE = Automatic;
				COMBINE_HIDPI_IMAGES = YES;
				INFOPLIST_FILE = MyUniqueBoxUITests/Info.plist;
				LD_RUNPATH_SEARCH_PATHS = (
					"$(inherited)",
					"@executable_path/../Frameworks",
					"@loader_path/../Frameworks",
				);
				PRODUCT_BUNDLE_IDENTIFIER = com.gongyu.MyUniqueBoxUITests;
				PRODUCT_NAME = "$(TARGET_NAME)";
				TEST_TARGET_NAME = MyUniqueBox;
			};
			name = Release;
		};
/* End XCBuildConfiguration section */

/* Begin XCConfigurationList section */
		ACDCE275250BAC0E0014BE47 /* Build configuration list for PBXProject "MyUniqueBox" */ = {
			isa = XCConfigurationList;
			buildConfigurations = (
				ACDCE2A2250BAC100014BE47 /* Debug */,
				ACDCE2A3250BAC100014BE47 /* Release */,
			);
			defaultConfigurationIsVisible = 0;
			defaultConfigurationName = Release;
		};
		ACDCE2A4250BAC100014BE47 /* Build configuration list for PBXNativeTarget "MyUniqueBox" */ = {
			isa = XCConfigurationList;
			buildConfigurations = (
				ACDCE2A5250BAC100014BE47 /* Debug */,
				ACDCE2A6250BAC100014BE47 /* Release */,
			);
			defaultConfigurationIsVisible = 0;
			defaultConfigurationName = Release;
		};
		ACDCE2A7250BAC100014BE47 /* Build configuration list for PBXNativeTarget "MyUniqueBoxTests" */ = {
			isa = XCConfigurationList;
			buildConfigurations = (
				ACDCE2A8250BAC100014BE47 /* Debug */,
				ACDCE2A9250BAC100014BE47 /* Release */,
			);
			defaultConfigurationIsVisible = 0;
			defaultConfigurationName = Release;
		};
		ACDCE2AA250BAC100014BE47 /* Build configuration list for PBXNativeTarget "MyUniqueBoxUITests" */ = {
			isa = XCConfigurationList;
			buildConfigurations = (
				ACDCE2AB250BAC100014BE47 /* Debug */,
				ACDCE2AC250BAC100014BE47 /* Release */,
			);
			defaultConfigurationIsVisible = 0;
			defaultConfigurationName = Release;
		};
/* End XCConfigurationList section */
	};
	rootObject = ACDCE272250BAC0E0014BE47 /* Project object */;
}
